{
  "name": "test",
  "version": "1.0.0",
  "lockfileVersion": 1,
  "requires": true,
  "dependencies": {
    "@glidejs/glide": {
      "version": "3.2.3",
      "resolved": "https://registry.npmjs.org/@glidejs/glide/-/glide-3.2.3.tgz",
      "integrity": "sha512-eypBdSz4S+/Fj81c/VrLmFCZF7TBAcE90cvRQVxcM6KTeKxEHPLluwp+CpdLpzw2qyCpNT/wDpjw8CHNY9aHLA=="
    }
  }
}
